
Microsoft Visual Studio Solution File, Format Version 12.00
# Visual Studio Version 18
VisualStudioVersion = 18.1.3
MinimumVisualStudioVersion = 10.0.40219.1
Project("{2150E333-8FDC-42A3-9474-1A3956D46DE8}") = "src", "src", "{827E0CD3-B72D-47B6-A68D-7590B98EB39B}"
EndProject
Project("{FAE04EC0-301F-11D3-BF4B-00C04F79EFBC}") = "Cortex.Contained.Contracts", "src\Cortex.Contained.Contracts\Cortex.Contained.Contracts.csproj", "{2DAEFFBF-4034-477C-81BC-6CB9722EFBB9}"
EndProject
Project("{FAE04EC0-301F-11D3-BF4B-00C04F79EFBC}") = "Cortex.Contained.Agent.Host", "src\Cortex.Contained.Agent.Host\Cortex.Contained.Agent.Host.csproj", "{85C27CC6-1976-4DE5-9BB6-0A2477713729}"
EndProject
Project("{FAE04EC0-301F-11D3-BF4B-00C04F79EFBC}") = "Cortex.Contained.Bridge", "src\Cortex.Contained.Bridge\Cortex.Contained.Bridge.csproj", "{26979DE1-ADAD-4363-82DA-A2A2A72B0033}"
EndProject
Project("{FAE04EC0-301F-11D3-BF4B-00C04F79EFBC}") = "Cortex.Contained.Channels.WebChat", "src\Cortex.Contained.Channels.WebChat\Cortex.Contained.Channels.WebChat.csproj", "{07A719B8-65CE-4422-98D8-ADE1916056DB}"
EndProject
Project("{2150E333-8FDC-42A3-9474-1A3956D46DE8}") = "tests", "tests", "{0AB3BF05-4346-4AA6-1389-037BE0695223}"
EndProject
Project("{FAE04EC0-301F-11D3-BF4B-00C04F79EFBC}") = "Cortex.Contained.Contracts.Tests", "tests\Cortex.Contained.Contracts.Tests\Cortex.Contained.Contracts.Tests.csproj", "{F584EEE8-1383-4019-848D-2BED58D06D23}"
EndProject
Project("{FAE04EC0-301F-11D3-BF4B-00C04F79EFBC}") = "Cortex.Contained.Agent.Host.Tests", "tests\Cortex.Contained.Agent.Host.Tests\Cortex.Contained.Agent.Host.Tests.csproj", "{0C123C2B-9135-465F-B136-6EA80EB9A781}"
EndProject
Project("{FAE04EC0-301F-11D3-BF4B-00C04F79EFBC}") = "Cortex.Contained.Bridge.Tests", "tests\Cortex.Contained.Bridge.Tests\Cortex.Contained.Bridge.Tests.csproj", "{1D4E0EB1-FC6A-4EBD-99F6-AD470876A705}"
EndProject
Project("{FAE04EC0-301F-11D3-BF4B-00C04F79EFBC}") = "Cortex.Contained.Channels.WebChat.Tests", "tests\Cortex.Contained.Channels.WebChat.Tests\Cortex.Contained.Channels.WebChat.Tests.csproj", "{EC2AC701-156C-4C0F-A80C-478BE8A39A9C}"
EndProject
Project("{FAE04EC0-301F-11D3-BF4B-00C04F79EFBC}") = "Cortex.Contained.Channels.Voice", "src\Cortex.Contained.Channels.Voice\Cortex.Contained.Channels.Voice.csproj", "{4ED11602-0ED5-495C-9784-5769DD1097E1}"
EndProject
Project("{FAE04EC0-301F-11D3-BF4B-00C04F79EFBC}") = "Cortex.Contained.Channels.Voice.Tests", "tests\Cortex.Contained.Channels.Voice.Tests\Cortex.Contained.Channels.Voice.Tests.csproj", "{47D8766D-BC1B-4CB3-89D9-A6408360FEAE}"
EndProject
Project("{FAE04EC0-301F-11D3-BF4B-00C04F79EFBC}") = "Cortex.Contained.Integration.Tests", "tests\Cortex.Contained.Integration.Tests\Cortex.Contained.Integration.Tests.csproj", "{39E8483D-1FE6-4161-8EAC-006CB93F089E}"
EndProject
Project("{FAE04EC0-301F-11D3-BF4B-00C04F79EFBC}") = "Cortex.Contained.Channels.Discord", "src\Cortex.Contained.Channels.Discord\Cortex.Contained.Channels.Discord.csproj", "{23D26FCB-8635-461E-A095-004AADADAD76}"
EndProject
Project("{FAE04EC0-301F-11D3-BF4B-00C04F79EFBC}") = "Cortex.Contained.Channels.Discord.Tests", "tests\Cortex.Contained.Channels.Discord.Tests\Cortex.Contained.Channels.Discord.Tests.csproj", "{DC1A1797-1EB5-4113-8B99-E4200CD694D8}"
EndProject
Project("{FAE04EC0-301F-11D3-BF4B-00C04F79EFBC}") = "Cortex.Contained.Speech", "src\Cortex.Contained.Speech\Cortex.Contained.Speech.csproj", "{A10DA187-3E8F-41DD-BF4A-33E1DA034430}"
EndProject
Project("{FAE04EC0-301F-11D3-BF4B-00C04F79EFBC}") = "Cortex.Contained.Speech.Tests", "tests\Cortex.Contained.Speech.Tests\Cortex.Contained.Speech.Tests.csproj", "{BC5C78A7-2326-4D67-9A97-DDE1EBD73A49}"
EndProject
Project("{FAE04EC0-301F-11D3-BF4B-00C04F79EFBC}") = "Cortex.Contained.Evals", "tests\Cortex.Contained.Evals\Cortex.Contained.Evals.csproj", "{FD6FA39E-51DB-4F69-A2F0-3FC10BF54946}"
EndProject
Project("{FAE04EC0-301F-11D3-BF4B-00C04F79EFBC}") = "Cortex.Contained.Common", "src\Cortex.Contained.Common\Cortex.Contained.Common.csproj", "{89D68ABD-8163-4B49-9D32-FC180C3E0C92}"
EndProject
Project("{FAE04EC0-301F-11D3-BF4B-00C04F79EFBC}") = "Cortex.Contained.ScenarioEvals", "tests\Cortex.Contained.ScenarioEvals\Cortex.Contained.ScenarioEvals.csproj", "{F0F99AD0-B751-412D-B16B-66F5065C50A6}"
EndProject
Project("{FAE04EC0-301F-11D3-BF4B-00C04F79EFBC}") = "Cortex.Contained.Launcher", "src\Cortex.Contained.Launcher\Cortex.Contained.Launcher.csproj", "{E44F1FA0-3FE6-4E58-8D1F-3CA989085B09}"
EndProject
Project("{FAE04EC0-301F-11D3-BF4B-00C04F79EFBC}") = "Cortex.Contained.Launcher.Tests", "tests\Cortex.Contained.Launcher.Tests\Cortex.Contained.Launcher.Tests.csproj", "{C6EC1C19-A884-4BC6-9A20-C1FF471DCC4A}"
EndProject
Project("{FAE04EC0-301F-11D3-BF4B-00C04F79EFBC}") = "Cortex.Contained.Channels.CloudMessaging", "src\Cortex.Contained.Channels.CloudMessaging\Cortex.Contained.Channels.CloudMessaging.csproj", "{33F88E8C-88CE-45C0-9F9E-6408EFCFAB05}"
EndProject
Project("{FAE04EC0-301F-11D3-BF4B-00C04F79EFBC}") = "Cortex.Contained.Channels.CloudMessaging.Tests", "tests\Cortex.Contained.Channels.CloudMessaging.Tests\Cortex.Contained.Channels.CloudMessaging.Tests.csproj", "{FD80AE39-1C5B-4370-87AC-1BC64D6347E5}"
EndProject
Global
	GlobalSection(SolutionConfigurationPlatforms) = preSolution
		Debug|Any CPU = Debug|Any CPU
		Debug|x64 = Debug|x64
		Debug|x86 = Debug|x86
		Release|Any CPU = Release|Any CPU
		Release|x64 = Release|x64
		Release|x86 = Release|x86
	EndGlobalSection
	GlobalSection(ProjectConfigurationPlatforms) = postSolution
		{2DAEFFBF-4034-477C-81BC-6CB9722EFBB9}.Debug|Any CPU.ActiveCfg = Debug|Any CPU
		{2DAEFFBF-4034-477C-81BC-6CB9722EFBB9}.Debug|Any CPU.Build.0 = Debug|Any CPU
		{2DAEFFBF-4034-477C-81BC-6CB9722EFBB9}.Debug|x64.ActiveCfg = Debug|Any CPU
		{2DAEFFBF-4034-477C-81BC-6CB9722EFBB9}.Debug|x64.Build.0 = Debug|Any CPU
		{2DAEFFBF-4034-477C-81BC-6CB9722EFBB9}.Debug|x86.ActiveCfg = Debug|Any CPU
		{2DAEFFBF-4034-477C-81BC-6CB9722EFBB9}.Debug|x86.Build.0 = Debug|Any CPU
		{2DAEFFBF-4034-477C-81BC-6CB9722EFBB9}.Release|Any CPU.ActiveCfg = Release|Any CPU
		{2DAEFFBF-4034-477C-81BC-6CB9722EFBB9}.Release|Any CPU.Build.0 = Release|Any CPU
		{2DAEFFBF-4034-477C-81BC-6CB9722EFBB9}.Release|x64.ActiveCfg = Release|Any CPU
		{2DAEFFBF-4034-477C-81BC-6CB9722EFBB9}.Release|x64.Build.0 = Release|Any CPU
		{2DAEFFBF-4034-477C-81BC-6CB9722EFBB9}.Release|x86.ActiveCfg = Release|Any CPU
		{2DAEFFBF-4034-477C-81BC-6CB9722EFBB9}.Release|x86.Build.0 = Release|Any CPU
		{85C27CC6-1976-4DE5-9BB6-0A2477713729}.Debug|Any CPU.ActiveCfg = Debug|Any CPU
		{85C27CC6-1976-4DE5-9BB6-0A2477713729}.Debug|Any CPU.Build.0 = Debug|Any CPU
		{85C27CC6-1976-4DE5-9BB6-0A2477713729}.Debug|x64.ActiveCfg = Debug|Any CPU
		{85C27CC6-1976-4DE5-9BB6-0A2477713729}.Debug|x64.Build.0 = Debug|Any CPU
		{85C27CC6-1976-4DE5-9BB6-0A2477713729}.Debug|x86.ActiveCfg = Debug|Any CPU
		{85C27CC6-1976-4DE5-9BB6-0A2477713729}.Debug|x86.Build.0 = Debug|Any CPU
		{85C27CC6-1976-4DE5-9BB6-0A2477713729}.Release|Any CPU.ActiveCfg = Release|Any CPU
		{85C27CC6-1976-4DE5-9BB6-0A2477713729}.Release|Any CPU.Build.0 = Release|Any CPU
		{85C27CC6-1976-4DE5-9BB6-0A2477713729}.Release|x64.ActiveCfg = Release|Any CPU
		{85C27CC6-1976-4DE5-9BB6-0A2477713729}.Release|x64.Build.0 = Release|Any CPU
		{85C27CC6-1976-4DE5-9BB6-0A2477713729}.Release|x86.ActiveCfg = Release|Any CPU
		{85C27CC6-1976-4DE5-9BB6-0A2477713729}.Release|x86.Build.0 = Release|Any CPU
		{26979DE1-ADAD-4363-82DA-A2A2A72B0033}.Debug|Any CPU.ActiveCfg = Debug|Any CPU
		{26979DE1-ADAD-4363-82DA-A2A2A72B0033}.Debug|Any CPU.Build.0 = Debug|Any CPU
		{26979DE1-ADAD-4363-82DA-A2A2A72B0033}.Debug|x64.ActiveCfg = Debug|Any CPU
		{26979DE1-ADAD-4363-82DA-A2A2A72B0033}.Debug|x64.Build.0 = Debug|Any CPU
		{26979DE1-ADAD-4363-82DA-A2A2A72B0033}.Debug|x86.ActiveCfg = Debug|Any CPU
		{26979DE1-ADAD-4363-82DA-A2A2A72B0033}.Debug|x86.Build.0 = Debug|Any CPU
		{26979DE1-ADAD-4363-82DA-A2A2A72B0033}.Release|Any CPU.ActiveCfg = Release|Any CPU
		{26979DE1-ADAD-4363-82DA-A2A2A72B0033}.Release|Any CPU.Build.0 = Release|Any CPU
		{26979DE1-ADAD-4363-82DA-A2A2A72B0033}.Release|x64.ActiveCfg = Release|Any CPU
		{26979DE1-ADAD-4363-82DA-A2A2A72B0033}.Release|x64.Build.0 = Release|Any CPU
		{26979DE1-ADAD-4363-82DA-A2A2A72B0033}.Release|x86.ActiveCfg = Release|Any CPU
		{26979DE1-ADAD-4363-82DA-A2A2A72B0033}.Release|x86.Build.0 = Release|Any CPU
		{07A719B8-65CE-4422-98D8-ADE1916056DB}.Debug|Any CPU.ActiveCfg = Debug|Any CPU
		{07A719B8-65CE-4422-98D8-ADE1916056DB}.Debug|Any CPU.Build.0 = Debug|Any CPU
		{07A719B8-65CE-4422-98D8-ADE1916056DB}.Debug|x64.ActiveCfg = Debug|Any CPU
		{07A719B8-65CE-4422-98D8-ADE1916056DB}.Debug|x64.Build.0 = Debug|Any CPU
		{07A719B8-65CE-4422-98D8-ADE1916056DB}.Debug|x86.ActiveCfg = Debug|Any CPU
		{07A719B8-65CE-4422-98D8-ADE1916056DB}.Debug|x86.Build.0 = Debug|Any CPU
		{07A719B8-65CE-4422-98D8-ADE1916056DB}.Release|Any CPU.ActiveCfg = Release|Any CPU
		{07A719B8-65CE-4422-98D8-ADE1916056DB}.Release|Any CPU.Build.0 = Release|Any CPU
		{07A719B8-65CE-4422-98D8-ADE1916056DB}.Release|x64.ActiveCfg = Release|Any CPU
		{07A719B8-65CE-4422-98D8-ADE1916056DB}.Release|x64.Build.0 = Release|Any CPU
		{07A719B8-65CE-4422-98D8-ADE1916056DB}.Release|x86.ActiveCfg = Release|Any CPU
		{07A719B8-65CE-4422-98D8-ADE1916056DB}.Release|x86.Build.0 = Release|Any CPU
		{F584EEE8-1383-4019-848D-2BED58D06D23}.Debug|Any CPU.ActiveCfg = Debug|Any CPU
		{F584EEE8-1383-4019-848D-2BED58D06D23}.Debug|Any CPU.Build.0 = Debug|Any CPU
		{F584EEE8-1383-4019-848D-2BED58D06D23}.Debug|x64.ActiveCfg = Debug|Any CPU
		{F584EEE8-1383-4019-848D-2BED58D06D23}.Debug|x64.Build.0 = Debug|Any CPU
		{F584EEE8-1383-4019-848D-2BED58D06D23}.Debug|x86.ActiveCfg = Debug|Any CPU
		{F584EEE8-1383-4019-848D-2BED58D06D23}.Debug|x86.Build.0 = Debug|Any CPU
		{F584EEE8-1383-4019-848D-2BED58D06D23}.Release|Any CPU.ActiveCfg = Release|Any CPU
		{F584EEE8-1383-4019-848D-2BED58D06D23}.Release|Any CPU.Build.0 = Release|Any CPU
		{F584EEE8-1383-4019-848D-2BED58D06D23}.Release|x64.ActiveCfg = Release|Any CPU
		{F584EEE8-1383-4019-848D-2BED58D06D23}.Release|x64.Build.0 = Release|Any CPU
		{F584EEE8-1383-4019-848D-2BED58D06D23}.Release|x86.ActiveCfg = Release|Any CPU
		{F584EEE8-1383-4019-848D-2BED58D06D23}.Release|x86.Build.0 = Release|Any CPU
		{0C123C2B-9135-465F-B136-6EA80EB9A781}.Debug|Any CPU.ActiveCfg = Debug|Any CPU
		{0C123C2B-9135-465F-B136-6EA80EB9A781}.Debug|Any CPU.Build.0 = Debug|Any CPU
		{0C123C2B-9135-465F-B136-6EA80EB9A781}.Debug|x64.ActiveCfg = Debug|Any CPU
		{0C123C2B-9135-465F-B136-6EA80EB9A781}.Debug|x64.Build.0 = Debug|Any CPU
		{0C123C2B-9135-465F-B136-6EA80EB9A781}.Debug|x86.ActiveCfg = Debug|Any CPU
		{0C123C2B-9135-465F-B136-6EA80EB9A781}.Debug|x86.Build.0 = Debug|Any CPU
		{0C123C2B-9135-465F-B136-6EA80EB9A781}.Release|Any CPU.ActiveCfg = Release|Any CPU
		{0C123C2B-9135-465F-B136-6EA80EB9A781}.Release|Any CPU.Build.0 = Release|Any CPU
		{0C123C2B-9135-465F-B136-6EA80EB9A781}.Release|x64.ActiveCfg = Release|Any CPU
		{0C123C2B-9135-465F-B136-6EA80EB9A781}.Release|x64.Build.0 = Release|Any CPU
		{0C123C2B-9135-465F-B136-6EA80EB9A781}.Release|x86.ActiveCfg = Release|Any CPU
		{0C123C2B-9135-465F-B136-6EA80EB9A781}.Release|x86.Build.0 = Release|Any CPU
		{1D4E0EB1-FC6A-4EBD-99F6-AD470876A705}.Debug|Any CPU.ActiveCfg = Debug|Any CPU
		{1D4E0EB1-FC6A-4EBD-99F6-AD470876A705}.Debug|Any CPU.Build.0 = Debug|Any CPU
		{1D4E0EB1-FC6A-4EBD-99F6-AD470876A705}.Debug|x64.ActiveCfg = Debug|Any CPU
		{1D4E0EB1-FC6A-4EBD-99F6-AD470876A705}.Debug|x64.Build.0 = Debug|Any CPU
		{1D4E0EB1-FC6A-4EBD-99F6-AD470876A705}.Debug|x86.ActiveCfg = Debug|Any CPU
		{1D4E0EB1-FC6A-4EBD-99F6-AD470876A705}.Debug|x86.Build.0 = Debug|Any CPU
		{1D4E0EB1-FC6A-4EBD-99F6-AD470876A705}.Release|Any CPU.ActiveCfg = Release|Any CPU
		{1D4E0EB1-FC6A-4EBD-99F6-AD470876A705}.Release|Any CPU.Build.0 = Release|Any CPU
		{1D4E0EB1-FC6A-4EBD-99F6-AD470876A705}.Release|x64.ActiveCfg = Release|Any CPU
		{1D4E0EB1-FC6A-4EBD-99F6-AD470876A705}.Release|x64.Build.0 = Release|Any CPU
		{1D4E0EB1-FC6A-4EBD-99F6-AD470876A705}.Release|x86.ActiveCfg = Release|Any CPU
		{1D4E0EB1-FC6A-4EBD-99F6-AD470876A705}.Release|x86.Build.0 = Release|Any CPU
		{EC2AC701-156C-4C0F-A80C-478BE8A39A9C}.Debug|Any CPU.ActiveCfg = Debug|Any CPU
		{EC2AC701-156C-4C0F-A80C-478BE8A39A9C}.Debug|Any CPU.Build.0 = Debug|Any CPU
		{EC2AC701-156C-4C0F-A80C-478BE8A39A9C}.Debug|x64.ActiveCfg = Debug|Any CPU
		{EC2AC701-156C-4C0F-A80C-478BE8A39A9C}.Debug|x64.Build.0 = Debug|Any CPU
		{EC2AC701-156C-4C0F-A80C-478BE8A39A9C}.Debug|x86.ActiveCfg = Debug|Any CPU
		{EC2AC701-156C-4C0F-A80C-478BE8A39A9C}.Debug|x86.Build.0 = Debug|Any CPU
		{EC2AC701-156C-4C0F-A80C-478BE8A39A9C}.Release|Any CPU.ActiveCfg = Release|Any CPU
		{EC2AC701-156C-4C0F-A80C-478BE8A39A9C}.Release|Any CPU.Build.0 = Release|Any CPU
		{EC2AC701-156C-4C0F-A80C-478BE8A39A9C}.Release|x64.ActiveCfg = Release|Any CPU
		{EC2AC701-156C-4C0F-A80C-478BE8A39A9C}.Release|x64.Build.0 = Release|Any CPU
		{EC2AC701-156C-4C0F-A80C-478BE8A39A9C}.Release|x86.ActiveCfg = Release|Any CPU
		{EC2AC701-156C-4C0F-A80C-478BE8A39A9C}.Release|x86.Build.0 = Release|Any CPU
		{4ED11602-0ED5-495C-9784-5769DD1097E1}.Debug|Any CPU.ActiveCfg = Debug|Any CPU
		{4ED11602-0ED5-495C-9784-5769DD1097E1}.Debug|Any CPU.Build.0 = Debug|Any CPU
		{4ED11602-0ED5-495C-9784-5769DD1097E1}.Debug|x64.ActiveCfg = Debug|Any CPU
		{4ED11602-0ED5-495C-9784-5769DD1097E1}.Debug|x64.Build.0 = Debug|Any CPU
		{4ED11602-0ED5-495C-9784-5769DD1097E1}.Debug|x86.ActiveCfg = Debug|Any CPU
		{4ED11602-0ED5-495C-9784-5769DD1097E1}.Debug|x86.Build.0 = Debug|Any CPU
		{4ED11602-0ED5-495C-9784-5769DD1097E1}.Release|Any CPU.ActiveCfg = Release|Any CPU
		{4ED11602-0ED5-495C-9784-5769DD1097E1}.Release|Any CPU.Build.0 = Release|Any CPU
		{4ED11602-0ED5-495C-9784-5769DD1097E1}.Release|x64.ActiveCfg = Release|Any CPU
		{4ED11602-0ED5-495C-9784-5769DD1097E1}.Release|x64.Build.0 = Release|Any CPU
		{4ED11602-0ED5-495C-9784-5769DD1097E1}.Release|x86.ActiveCfg = Release|Any CPU
		{4ED11602-0ED5-495C-9784-5769DD1097E1}.Release|x86.Build.0 = Release|Any CPU
		{47D8766D-BC1B-4CB3-89D9-A6408360FEAE}.Debug|Any CPU.ActiveCfg = Debug|Any CPU
		{47D8766D-BC1B-4CB3-89D9-A6408360FEAE}.Debug|Any CPU.Build.0 = Debug|Any CPU
		{47D8766D-BC1B-4CB3-89D9-A6408360FEAE}.Debug|x64.ActiveCfg = Debug|Any CPU
		{47D8766D-BC1B-4CB3-89D9-A6408360FEAE}.Debug|x64.Build.0 = Debug|Any CPU
		{47D8766D-BC1B-4CB3-89D9-A6408360FEAE}.Debug|x86.ActiveCfg = Debug|Any CPU
		{47D8766D-BC1B-4CB3-89D9-A6408360FEAE}.Debug|x86.Build.0 = Debug|Any CPU
		{47D8766D-BC1B-4CB3-89D9-A6408360FEAE}.Release|Any CPU.ActiveCfg = Release|Any CPU
		{47D8766D-BC1B-4CB3-89D9-A6408360FEAE}.Release|Any CPU.Build.0 = Release|Any CPU
		{47D8766D-BC1B-4CB3-89D9-A6408360FEAE}.Release|x64.ActiveCfg = Release|Any CPU
		{47D8766D-BC1B-4CB3-89D9-A6408360FEAE}.Release|x64.Build.0 = Release|Any CPU
		{47D8766D-BC1B-4CB3-89D9-A6408360FEAE}.Release|x86.ActiveCfg = Release|Any CPU
		{47D8766D-BC1B-4CB3-89D9-A6408360FEAE}.Release|x86.Build.0 = Release|Any CPU
		{39E8483D-1FE6-4161-8EAC-006CB93F089E}.Debug|Any CPU.ActiveCfg = Debug|Any CPU
		{39E8483D-1FE6-4161-8EAC-006CB93F089E}.Debug|Any CPU.Build.0 = Debug|Any CPU
		{39E8483D-1FE6-4161-8EAC-006CB93F089E}.Debug|x64.ActiveCfg = Debug|Any CPU
		{39E8483D-1FE6-4161-8EAC-006CB93F089E}.Debug|x64.Build.0 = Debug|Any CPU
		{39E8483D-1FE6-4161-8EAC-006CB93F089E}.Debug|x86.ActiveCfg = Debug|Any CPU
		{39E8483D-1FE6-4161-8EAC-006CB93F089E}.Debug|x86.Build.0 = Debug|Any CPU
		{39E8483D-1FE6-4161-8EAC-006CB93F089E}.Release|Any CPU.ActiveCfg = Release|Any CPU
		{39E8483D-1FE6-4161-8EAC-006CB93F089E}.Release|Any CPU.Build.0 = Release|Any CPU
		{39E8483D-1FE6-4161-8EAC-006CB93F089E}.Release|x64.ActiveCfg = Release|Any CPU
		{39E8483D-1FE6-4161-8EAC-006CB93F089E}.Release|x64.Build.0 = Release|Any CPU
		{39E8483D-1FE6-4161-8EAC-006CB93F089E}.Release|x86.ActiveCfg = Release|Any CPU
		{39E8483D-1FE6-4161-8EAC-006CB93F089E}.Release|x86.Build.0 = Release|Any CPU
		{23D26FCB-8635-461E-A095-004AADADAD76}.Debug|Any CPU.ActiveCfg = Debug|Any CPU
		{23D26FCB-8635-461E-A095-004AADADAD76}.Debug|Any CPU.Build.0 = Debug|Any CPU
		{23D26FCB-8635-461E-A095-004AADADAD76}.Debug|x64.ActiveCfg = Debug|Any CPU
		{23D26FCB-8635-461E-A095-004AADADAD76}.Debug|x64.Build.0 = Debug|Any CPU
		{23D26FCB-8635-461E-A095-004AADADAD76}.Debug|x86.ActiveCfg = Debug|Any CPU
		{23D26FCB-8635-461E-A095-004AADADAD76}.Debug|x86.Build.0 = Debug|Any CPU
		{23D26FCB-8635-461E-A095-004AADADAD76}.Release|Any CPU.ActiveCfg = Release|Any CPU
		{23D26FCB-8635-461E-A095-004AADADAD76}.Release|Any CPU.Build.0 = Release|Any CPU
		{23D26FCB-8635-461E-A095-004AADADAD76}.Release|x64.ActiveCfg = Release|Any CPU
		{23D26FCB-8635-461E-A095-004AADADAD76}.Release|x64.Build.0 = Release|Any CPU
		{23D26FCB-8635-461E-A095-004AADADAD76}.Release|x86.ActiveCfg = Release|Any CPU
		{23D26FCB-8635-461E-A095-004AADADAD76}.Release|x86.Build.0 = Release|Any CPU
		{DC1A1797-1EB5-4113-8B99-E4200CD694D8}.Debug|Any CPU.ActiveCfg = Debug|Any CPU
		{DC1A1797-1EB5-4113-8B99-E4200CD694D8}.Debug|Any CPU.Build.0 = Debug|Any CPU
		{DC1A1797-1EB5-4113-8B99-E4200CD694D8}.Debug|x64.ActiveCfg = Debug|Any CPU
		{DC1A1797-1EB5-4113-8B99-E4200CD694D8}.Debug|x64.Build.0 = Debug|Any CPU
		{DC1A1797-1EB5-4113-8B99-E4200CD694D8}.Debug|x86.ActiveCfg = Debug|Any CPU
		{DC1A1797-1EB5-4113-8B99-E4200CD694D8}.Debug|x86.Build.0 = Debug|Any CPU
		{DC1A1797-1EB5-4113-8B99-E4200CD694D8}.Release|Any CPU.ActiveCfg = Release|Any CPU
		{DC1A1797-1EB5-4113-8B99-E4200CD694D8}.Release|Any CPU.Build.0 = Release|Any CPU
		{DC1A1797-1EB5-4113-8B99-E4200CD694D8}.Release|x64.ActiveCfg = Release|Any CPU
		{DC1A1797-1EB5-4113-8B99-E4200CD694D8}.Release|x64.Build.0 = Release|Any CPU
		{DC1A1797-1EB5-4113-8B99-E4200CD694D8}.Release|x86.ActiveCfg = Release|Any CPU
		{DC1A1797-1EB5-4113-8B99-E4200CD694D8}.Release|x86.Build.0 = Release|Any CPU
		{A10DA187-3E8F-41DD-BF4A-33E1DA034430}.Debug|Any CPU.ActiveCfg = Debug|Any CPU
		{A10DA187-3E8F-41DD-BF4A-33E1DA034430}.Debug|Any CPU.Build.0 = Debug|Any CPU
		{A10DA187-3E8F-41DD-BF4A-33E1DA034430}.Debug|x64.ActiveCfg = Debug|Any CPU
		{A10DA187-3E8F-41DD-BF4A-33E1DA034430}.Debug|x64.Build.0 = Debug|Any CPU
		{A10DA187-3E8F-41DD-BF4A-33E1DA034430}.Debug|x86.ActiveCfg = Debug|Any CPU
		{A10DA187-3E8F-41DD-BF4A-33E1DA034430}.Debug|x86.Build.0 = Debug|Any CPU
		{A10DA187-3E8F-41DD-BF4A-33E1DA034430}.Release|Any CPU.ActiveCfg = Release|Any CPU
		{A10DA187-3E8F-41DD-BF4A-33E1DA034430}.Release|Any CPU.Build.0 = Release|Any CPU
		{A10DA187-3E8F-41DD-BF4A-33E1DA034430}.Release|x64.ActiveCfg = Release|Any CPU
		{A10DA187-3E8F-41DD-BF4A-33E1DA034430}.Release|x64.Build.0 = Release|Any CPU
		{A10DA187-3E8F-41DD-BF4A-33E1DA034430}.Release|x86.ActiveCfg = Release|Any CPU
		{A10DA187-3E8F-41DD-BF4A-33E1DA034430}.Release|x86.Build.0 = Release|Any CPU
		{BC5C78A7-2326-4D67-9A97-DDE1EBD73A49}.Debug|Any CPU.ActiveCfg = Debug|Any CPU
		{BC5C78A7-2326-4D67-9A97-DDE1EBD73A49}.Debug|Any CPU.Build.0 = Debug|Any CPU
		{BC5C78A7-2326-4D67-9A97-DDE1EBD73A49}.Debug|x64.ActiveCfg = Debug|Any CPU
		{BC5C78A7-2326-4D67-9A97-DDE1EBD73A49}.Debug|x64.Build.0 = Debug|Any CPU
		{BC5C78A7-2326-4D67-9A97-DDE1EBD73A49}.Debug|x86.ActiveCfg = Debug|Any CPU
		{BC5C78A7-2326-4D67-9A97-DDE1EBD73A49}.Debug|x86.Build.0 = Debug|Any CPU
		{BC5C78A7-2326-4D67-9A97-DDE1EBD73A49}.Release|Any CPU.ActiveCfg = Release|Any CPU
		{BC5C78A7-2326-4D67-9A97-DDE1EBD73A49}.Release|Any CPU.Build.0 = Release|Any CPU
		{BC5C78A7-2326-4D67-9A97-DDE1EBD73A49}.Release|x64.ActiveCfg = Release|Any CPU
		{BC5C78A7-2326-4D67-9A97-DDE1EBD73A49}.Release|x64.Build.0 = Release|Any CPU
		{BC5C78A7-2326-4D67-9A97-DDE1EBD73A49}.Release|x86.ActiveCfg = Release|Any CPU
		{BC5C78A7-2326-4D67-9A97-DDE1EBD73A49}.Release|x86.Build.0 = Release|Any CPU
		{FD6FA39E-51DB-4F69-A2F0-3FC10BF54946}.Debug|Any CPU.ActiveCfg = Debug|Any CPU
		{FD6FA39E-51DB-4F69-A2F0-3FC10BF54946}.Debug|Any CPU.Build.0 = Debug|Any CPU
		{FD6FA39E-51DB-4F69-A2F0-3FC10BF54946}.Debug|x64.ActiveCfg = Debug|Any CPU
		{FD6FA39E-51DB-4F69-A2F0-3FC10BF54946}.Debug|x64.Build.0 = Debug|Any CPU
		{FD6FA39E-51DB-4F69-A2F0-3FC10BF54946}.Debug|x86.ActiveCfg = Debug|Any CPU
		{FD6FA39E-51DB-4F69-A2F0-3FC10BF54946}.Debug|x86.Build.0 = Debug|Any CPU
		{FD6FA39E-51DB-4F69-A2F0-3FC10BF54946}.Release|Any CPU.ActiveCfg = Release|Any CPU
		{FD6FA39E-51DB-4F69-A2F0-3FC10BF54946}.Release|Any CPU.Build.0 = Release|Any CPU
		{FD6FA39E-51DB-4F69-A2F0-3FC10BF54946}.Release|x64.ActiveCfg = Release|Any CPU
		{FD6FA39E-51DB-4F69-A2F0-3FC10BF54946}.Release|x64.Build.0 = Release|Any CPU
		{FD6FA39E-51DB-4F69-A2F0-3FC10BF54946}.Release|x86.ActiveCfg = Release|Any CPU
		{FD6FA39E-51DB-4F69-A2F0-3FC10BF54946}.Release|x86.Build.0 = Release|Any CPU
		{89D68ABD-8163-4B49-9D32-FC180C3E0C92}.Debug|Any CPU.ActiveCfg = Debug|Any CPU
		{89D68ABD-8163-4B49-9D32-FC180C3E0C92}.Debug|Any CPU.Build.0 = Debug|Any CPU
		{89D68ABD-8163-4B49-9D32-FC180C3E0C92}.Debug|x64.ActiveCfg = Debug|Any CPU
		{89D68ABD-8163-4B49-9D32-FC180C3E0C92}.Debug|x64.Build.0 = Debug|Any CPU
		{89D68ABD-8163-4B49-9D32-FC180C3E0C92}.Debug|x86.ActiveCfg = Debug|Any CPU
		{89D68ABD-8163-4B49-9D32-FC180C3E0C92}.Debug|x86.Build.0 = Debug|Any CPU
		{89D68ABD-8163-4B49-9D32-FC180C3E0C92}.Release|Any CPU.ActiveCfg = Release|Any CPU
		{89D68ABD-8163-4B49-9D32-FC180C3E0C92}.Release|Any CPU.Build.0 = Release|Any CPU
		{89D68ABD-8163-4B49-9D32-FC180C3E0C92}.Release|x64.ActiveCfg = Release|Any CPU
		{89D68ABD-8163-4B49-9D32-FC180C3E0C92}.Release|x64.Build.0 = Release|Any CPU
		{89D68ABD-8163-4B49-9D32-FC180C3E0C92}.Release|x86.ActiveCfg = Release|Any CPU
		{89D68ABD-8163-4B49-9D32-FC180C3E0C92}.Release|x86.Build.0 = Release|Any CPU
		{F0F99AD0-B751-412D-B16B-66F5065C50A6}.Debug|Any CPU.ActiveCfg = Debug|Any CPU
		{F0F99AD0-B751-412D-B16B-66F5065C50A6}.Debug|Any CPU.Build.0 = Debug|Any CPU
		{F0F99AD0-B751-412D-B16B-66F5065C50A6}.Debug|x64.ActiveCfg = Debug|Any CPU
		{F0F99AD0-B751-412D-B16B-66F5065C50A6}.Debug|x64.Build.0 = Debug|Any CPU
		{F0F99AD0-B751-412D-B16B-66F5065C50A6}.Debug|x86.ActiveCfg = Debug|Any CPU
		{F0F99AD0-B751-412D-B16B-66F5065C50A6}.Debug|x86.Build.0 = Debug|Any CPU
		{F0F99AD0-B751-412D-B16B-66F5065C50A6}.Release|Any CPU.ActiveCfg = Release|Any CPU
		{F0F99AD0-B751-412D-B16B-66F5065C50A6}.Release|Any CPU.Build.0 = Release|Any CPU
		{F0F99AD0-B751-412D-B16B-66F5065C50A6}.Release|x64.ActiveCfg = Release|Any CPU
		{F0F99AD0-B751-412D-B16B-66F5065C50A6}.Release|x64.Build.0 = Release|Any CPU
		{F0F99AD0-B751-412D-B16B-66F5065C50A6}.Release|x86.ActiveCfg = Release|Any CPU
		{F0F99AD0-B751-412D-B16B-66F5065C50A6}.Release|x86.Build.0 = Release|Any CPU
		{E44F1FA0-3FE6-4E58-8D1F-3CA989085B09}.Debug|Any CPU.ActiveCfg = Debug|Any CPU
		{E44F1FA0-3FE6-4E58-8D1F-3CA989085B09}.Debug|Any CPU.Build.0 = Debug|Any CPU
		{E44F1FA0-3FE6-4E58-8D1F-3CA989085B09}.Debug|x64.ActiveCfg = Debug|Any CPU
		{E44F1FA0-3FE6-4E58-8D1F-3CA989085B09}.Debug|x64.Build.0 = Debug|Any CPU
		{E44F1FA0-3FE6-4E58-8D1F-3CA989085B09}.Debug|x86.ActiveCfg = Debug|Any CPU
		{E44F1FA0-3FE6-4E58-8D1F-3CA989085B09}.Debug|x86.Build.0 = Debug|Any CPU
		{E44F1FA0-3FE6-4E58-8D1F-3CA989085B09}.Release|Any CPU.ActiveCfg = Release|Any CPU
		{E44F1FA0-3FE6-4E58-8D1F-3CA989085B09}.Release|Any CPU.Build.0 = Release|Any CPU
		{E44F1FA0-3FE6-4E58-8D1F-3CA989085B09}.Release|x64.ActiveCfg = Release|Any CPU
		{E44F1FA0-3FE6-4E58-8D1F-3CA989085B09}.Release|x64.Build.0 = Release|Any CPU
		{E44F1FA0-3FE6-4E58-8D1F-3CA989085B09}.Release|x86.ActiveCfg = Release|Any CPU
		{E44F1FA0-3FE6-4E58-8D1F-3CA989085B09}.Release|x86.Build.0 = Release|Any CPU
		{C6EC1C19-A884-4BC6-9A20-C1FF471DCC4A}.Debug|Any CPU.ActiveCfg = Debug|Any CPU
		{C6EC1C19-A884-4BC6-9A20-C1FF471DCC4A}.Debug|Any CPU.Build.0 = Debug|Any CPU
		{C6EC1C19-A884-4BC6-9A20-C1FF471DCC4A}.Debug|x64.ActiveCfg = Debug|Any CPU
		{C6EC1C19-A884-4BC6-9A20-C1FF471DCC4A}.Debug|x64.Build.0 = Debug|Any CPU
		{C6EC1C19-A884-4BC6-9A20-C1FF471DCC4A}.Debug|x86.ActiveCfg = Debug|Any CPU
		{C6EC1C19-A884-4BC6-9A20-C1FF471DCC4A}.Debug|x86.Build.0 = Debug|Any CPU
		{C6EC1C19-A884-4BC6-9A20-C1FF471DCC4A}.Release|Any CPU.ActiveCfg = Release|Any CPU
		{C6EC1C19-A884-4BC6-9A20-C1FF471DCC4A}.Release|Any CPU.Build.0 = Release|Any CPU
		{C6EC1C19-A884-4BC6-9A20-C1FF471DCC4A}.Release|x64.ActiveCfg = Release|Any CPU
		{C6EC1C19-A884-4BC6-9A20-C1FF471DCC4A}.Release|x64.Build.0 = Release|Any CPU
		{C6EC1C19-A884-4BC6-9A20-C1FF471DCC4A}.Release|x86.ActiveCfg = Release|Any CPU
		{C6EC1C19-A884-4BC6-9A20-C1FF471DCC4A}.Release|x86.Build.0 = Release|Any CPU
		{33F88E8C-88CE-45C0-9F9E-6408EFCFAB05}.Debug|Any CPU.ActiveCfg = Debug|Any CPU
		{33F88E8C-88CE-45C0-9F9E-6408EFCFAB05}.Debug|Any CPU.Build.0 = Debug|Any CPU
		{33F88E8C-88CE-45C0-9F9E-6408EFCFAB05}.Debug|x64.ActiveCfg = Debug|Any CPU
		{33F88E8C-88CE-45C0-9F9E-6408EFCFAB05}.Debug|x64.Build.0 = Debug|Any CPU
		{33F88E8C-88CE-45C0-9F9E-6408EFCFAB05}.Debug|x86.ActiveCfg = Debug|Any CPU
		{33F88E8C-88CE-45C0-9F9E-6408EFCFAB05}.Debug|x86.Build.0 = Debug|Any CPU
		{33F88E8C-88CE-45C0-9F9E-6408EFCFAB05}.Release|Any CPU.ActiveCfg = Release|Any CPU
		{33F88E8C-88CE-45C0-9F9E-6408EFCFAB05}.Release|Any CPU.Build.0 = Release|Any CPU
		{33F88E8C-88CE-45C0-9F9E-6408EFCFAB05}.Release|x64.ActiveCfg = Release|Any CPU
		{33F88E8C-88CE-45C0-9F9E-6408EFCFAB05}.Release|x64.Build.0 = Release|Any CPU
		{33F88E8C-88CE-45C0-9F9E-6408EFCFAB05}.Release|x86.ActiveCfg = Release|Any CPU
		{33F88E8C-88CE-45C0-9F9E-6408EFCFAB05}.Release|x86.Build.0 = Release|Any CPU
		{FD80AE39-1C5B-4370-87AC-1BC64D6347E5}.Debug|Any CPU.ActiveCfg = Debug|Any CPU
		{FD80AE39-1C5B-4370-87AC-1BC64D6347E5}.Debug|Any CPU.Build.0 = Debug|Any CPU
		{FD80AE39-1C5B-4370-87AC-1BC64D6347E5}.Debug|x64.ActiveCfg = Debug|Any CPU
		{FD80AE39-1C5B-4370-87AC-1BC64D6347E5}.Debug|x64.Build.0 = Debug|Any CPU
		{FD80AE39-1C5B-4370-87AC-1BC64D6347E5}.Debug|x86.ActiveCfg = Debug|Any CPU
		{FD80AE39-1C5B-4370-87AC-1BC64D6347E5}.Debug|x86.Build.0 = Debug|Any CPU
		{FD80AE39-1C5B-4370-87AC-1BC64D6347E5}.Release|Any CPU.ActiveCfg = Release|Any CPU
		{FD80AE39-1C5B-4370-87AC-1BC64D6347E5}.Release|Any CPU.Build.0 = Release|Any CPU
		{FD80AE39-1C5B-4370-87AC-1BC64D6347E5}.Release|x64.ActiveCfg = Release|Any CPU
		{FD80AE39-1C5B-4370-87AC-1BC64D6347E5}.Release|x64.Build.0 = Release|Any CPU
		{FD80AE39-1C5B-4370-87AC-1BC64D6347E5}.Release|x86.ActiveCfg = Release|Any CPU
		{FD80AE39-1C5B-4370-87AC-1BC64D6347E5}.Release|x86.Build.0 = Release|Any CPU
	EndGlobalSection
	GlobalSection(SolutionProperties) = preSolution
		HideSolutionNode = FALSE
	EndGlobalSection
	GlobalSection(NestedProjects) = preSolution
		{2DAEFFBF-4034-477C-81BC-6CB9722EFBB9} = {827E0CD3-B72D-47B6-A68D-7590B98EB39B}
		{85C27CC6-1976-4DE5-9BB6-0A2477713729} = {827E0CD3-B72D-47B6-A68D-7590B98EB39B}
		{26979DE1-ADAD-4363-82DA-A2A2A72B0033} = {827E0CD3-B72D-47B6-A68D-7590B98EB39B}
		{07A719B8-65CE-4422-98D8-ADE1916056DB} = {827E0CD3-B72D-47B6-A68D-7590B98EB39B}
		{F584EEE8-1383-4019-848D-2BED58D06D23} = {0AB3BF05-4346-4AA6-1389-037BE0695223}
		{0C123C2B-9135-465F-B136-6EA80EB9A781} = {0AB3BF05-4346-4AA6-1389-037BE0695223}
		{1D4E0EB1-FC6A-4EBD-99F6-AD470876A705} = {0AB3BF05-4346-4AA6-1389-037BE0695223}
		{EC2AC701-156C-4C0F-A80C-478BE8A39A9C} = {0AB3BF05-4346-4AA6-1389-037BE0695223}
		{4ED11602-0ED5-495C-9784-5769DD1097E1} = {827E0CD3-B72D-47B6-A68D-7590B98EB39B}
		{47D8766D-BC1B-4CB3-89D9-A6408360FEAE} = {0AB3BF05-4346-4AA6-1389-037BE0695223}
		{39E8483D-1FE6-4161-8EAC-006CB93F089E} = {0AB3BF05-4346-4AA6-1389-037BE0695223}
		{23D26FCB-8635-461E-A095-004AADADAD76} = {827E0CD3-B72D-47B6-A68D-7590B98EB39B}
		{DC1A1797-1EB5-4113-8B99-E4200CD694D8} = {0AB3BF05-4346-4AA6-1389-037BE0695223}
		{A10DA187-3E8F-41DD-BF4A-33E1DA034430} = {827E0CD3-B72D-47B6-A68D-7590B98EB39B}
		{BC5C78A7-2326-4D67-9A97-DDE1EBD73A49} = {0AB3BF05-4346-4AA6-1389-037BE0695223}
		{FD6FA39E-51DB-4F69-A2F0-3FC10BF54946} = {0AB3BF05-4346-4AA6-1389-037BE0695223}
		{89D68ABD-8163-4B49-9D32-FC180C3E0C92} = {827E0CD3-B72D-47B6-A68D-7590B98EB39B}
		{F0F99AD0-B751-412D-B16B-66F5065C50A6} = {0AB3BF05-4346-4AA6-1389-037BE0695223}
		{E44F1FA0-3FE6-4E58-8D1F-3CA989085B09} = {827E0CD3-B72D-47B6-A68D-7590B98EB39B}
		{C6EC1C19-A884-4BC6-9A20-C1FF471DCC4A} = {0AB3BF05-4346-4AA6-1389-037BE0695223}
		{33F88E8C-88CE-45C0-9F9E-6408EFCFAB05} = {827E0CD3-B72D-47B6-A68D-7590B98EB39B}
		{FD80AE39-1C5B-4370-87AC-1BC64D6347E5} = {0AB3BF05-4346-4AA6-1389-037BE0695223}
	EndGlobalSection
EndGlobal
